
Microsoft Visual Studio Solution File, Format Version 12.00
# Visual Studio 15
VisualStudioVersion = 15.0.28307.1145
MinimumVisualStudioVersion = 10.0.40219.1
Project("{3B740506-4966-4147-AB1F-357FE08946EA}") = "DateTimePicker", "DateTimePicker\DateTimePicker.hmiextproj", "{D50BDD0A-BE6B-4160-AA23-9B78ADCC3CD4}"
EndProject
Global
	GlobalSection(SolutionConfigurationPlatforms) = preSolution
		Debug|TwinCAT CE7 (ARMV7) = Debug|TwinCAT CE7 (ARMV7)
		Debug|TwinCAT HMI = Debug|TwinCAT HMI
		Debug|TwinCAT OS (ARMT2) = Debug|TwinCAT OS (ARMT2)
		Debug|TwinCAT RT (x64) = Debug|TwinCAT RT (x64)
		Debug|TwinCAT RT (x86) = Debug|TwinCAT RT (x86)
		Release|TwinCAT CE7 (ARMV7) = Release|TwinCAT CE7 (ARMV7)
		Release|TwinCAT HMI = Release|TwinCAT HMI
		Release|TwinCAT OS (ARMT2) = Release|TwinCAT OS (ARMT2)
		Release|TwinCAT RT (x64) = Release|TwinCAT RT (x64)
		Release|TwinCAT RT (x86) = Release|TwinCAT RT (x86)
	EndGlobalSection
	GlobalSection(ProjectConfigurationPlatforms) = postSolution
		{D50BDD0A-BE6B-4160-AA23-9B78ADCC3CD4}.Debug|TwinCAT CE7 (ARMV7).ActiveCfg = Debug|TwinCAT HMI
		{D50BDD0A-BE6B-4160-AA23-9B78ADCC3CD4}.Debug|TwinCAT HMI.ActiveCfg = Debug|TwinCAT HMI
		{D50BDD0A-BE6B-4160-AA23-9B78ADCC3CD4}.Debug|TwinCAT HMI.Build.0 = Debug|TwinCAT HMI
		{D50BDD0A-BE6B-4160-AA23-9B78ADCC3CD4}.Debug|TwinCAT OS (ARMT2).ActiveCfg = Debug|TwinCAT HMI
		{D50BDD0A-BE6B-4160-AA23-9B78ADCC3CD4}.Debug|TwinCAT RT (x64).ActiveCfg = Debug|TwinCAT HMI
		{D50BDD0A-BE6B-4160-AA23-9B78ADCC3CD4}.Debug|TwinCAT RT (x86).ActiveCfg = Debug|TwinCAT HMI
		{D50BDD0A-BE6B-4160-AA23-9B78ADCC3CD4}.Release|TwinCAT CE7 (ARMV7).ActiveCfg = Release|TwinCAT HMI
		{D50BDD0A-BE6B-4160-AA23-9B78ADCC3CD4}.Release|TwinCAT HMI.ActiveCfg = Release|TwinCAT HMI
		{D50BDD0A-BE6B-4160-AA23-9B78ADCC3CD4}.Release|TwinCAT HMI.Build.0 = Release|TwinCAT HMI
		{D50BDD0A-BE6B-4160-AA23-9B78ADCC3CD4}.Release|TwinCAT OS (ARMT2).ActiveCfg = Release|TwinCAT HMI
		{D50BDD0A-BE6B-4160-AA23-9B78ADCC3CD4}.Release|TwinCAT RT (x64).ActiveCfg = Release|TwinCAT HMI
		{D50BDD0A-BE6B-4160-AA23-9B78ADCC3CD4}.Release|TwinCAT RT (x86).ActiveCfg = Release|TwinCAT HMI
	EndGlobalSection
	GlobalSection(SolutionProperties) = preSolution
		HideSolutionNode = FALSE
	EndGlobalSection
	GlobalSection(ExtensibilityGlobals) = postSolution
		SolutionGuid = {F3C9CEA6-CA6C-44E4-A77C-B7FEDA319EEE}
	EndGlobalSection
EndGlobal
